
Microsoft Visual Studio Solution File, Format Version 12.00
# Visual Studio 15
VisualStudioVersion = 15.0.28307.271
MinimumVisualStudioVersion = 10.0.40219.1
Project("{FAE04EC0-301F-11D3-BF4B-00C04F79EFBC}") = "Multiplayer Console Coin Hunt", "ConsoleApplication1\Multiplayer Console Coin Hunt.csproj", "{5D6534B8-C533-40F6-9A67-97C101BFF94E}"
EndProject
Global
	GlobalSection(SolutionConfigurationPlatforms) = preSolution
		Debug|Any CPU = Debug|Any CPU
		Release|Any CPU = Release|Any CPU
	EndGlobalSection
	GlobalSection(ProjectConfigurationPlatforms) = postSolution
		{5D6534B8-C533-40F6-9A67-97C101BFF94E}.Debug|Any CPU.ActiveCfg = Debug|Any CPU
		{5D6534B8-C533-40F6-9A67-97C101BFF94E}.Debug|Any CPU.Build.0 = Debug|Any CPU
		{5D6534B8-C533-40F6-9A67-97C101BFF94E}.Release|Any CPU.ActiveCfg = Release|Any CPU
		{5D6534B8-C533-40F6-9A67-97C101BFF94E}.Release|Any CPU.Build.0 = Release|Any CPU
	EndGlobalSection
	GlobalSection(SolutionProperties) = preSolution
		HideSolutionNode = FALSE
	EndGlobalSection
	GlobalSection(ExtensibilityGlobals) = postSolution
		SolutionGuid = {FE120A80-E934-4411-8BE0-E1D7B3735500}
	EndGlobalSection
EndGlobal
